github.com/a-h/templ v0.2.747 h1:D0dQ2lxC3W7Dxl6fxQ/1zZHBQslSkTSvl5FxP/CfdKg=
github.com/a-h/templ v0.2.747/go.mod h1:69ObQIbrcuwPCU32ohNaWce3Cb7qM5GMiqN1K+2yop4=
github.com/codeupdateandmodificationsystem/protocol v0.0.0-20240713195856-76fb531c161f h1:FsEftFolqG4117M2n7sWz6auLrPM1a2N1k/ZkJoAGQw=
github.com/codeupdateandmodificationsystem/protocol v0.0.0-20240713195856-76fb531c161f/go.mod h1:DKQYwTAPlMT+Xq2ophvyhtLZURPNJOg6vCEOu7Of8es=
github.com/felixge/httpsnoop v1.0.4 h1:NFTV2Zj1bL4mc9sqWACXbQFVBBg2W3GPvqp8/ESS2Wg=
github.com/felixge/httpsnoop v1.0.4/go.mod h1:m8KPJKqk1gH5J9DgRY2ASl2lWCfGKXixSwevea8zH2U=
github.com/gobwas/httphead v0.1.0 h1:exrUm0f4YX0L7EBwZHuCF4GDp8aJfVeBrlLQrs6NqWU=
github.com/gobwas/httphead v0.1.0/go.mod h1:O/RXo79gxV8G+RqlR/otEwx4Q36zl9rqC5u12GKvMCM=
github.com/gobwas/pool v0.2.1 h1:xfeeEhW7pwmX8nuLVlqbzVc7udMDrwetjEv+TZIz1og=
github.com/gobwas/pool v0.2.1/go.mod h1:q8bcK0KcYlCgd9e7WYLm9LpyS+YeLd8JVDW6WezmKEw=
github.com/gobwas/ws v1.4.0 h1:CTaoG1tojrh4ucGPcoJFiAQUAsEWekEWvLy7GsVNqGs=
github.com/gobwas/ws v1.4.0/go.mod h1:G3gNqMNtPppf5XUz7O4shetPpcZ1VJ7zt18dlUeakrc=
github.com/google/go-cmp v0.6.0 h1:ofyhxvXcZhMsU5ulbFiLKl/XBFqE1GSq7atu8tAmTRI=
github.com/google/go-cmp v0.6.0/go.mod h1:17dUlkBOakJ0+DkrSSNjCkIjxS6bF9zb3elmeNGIjoY=
github.com/gorilla/handlers v1.5.2 h1:cLTUSsNkgcwhgRqvCNmdbRWG0A3N4F+M2nWKdScwyEE=
github.com/gorilla/handlers v1.5.2/go.mod h1:dX+xVpaxdSw+q0Qek8SSsl3dfMk3jNddUkMzo0GtH0w=
github.com/dikkadev/dnutlogger v0.0.0-20240629203607-8db6c1c4f406 h1:MU6eur/KmlFVxUSiccrsj0YgTmUyDJLnHjsIzwdtC18=
github.com/dikkadev/dnutlogger v0.0.0-20240629203607-8db6c1c4f406/go.mod h1:oWXp/tYSOFITKgEuhqGIva0wmnssYpTivlHn+iNgYpQ=
golang.org/x/sys v0.6.0/go.mod h1:oPkhp1MJrh7nUepCBck5+mAzfO9JrbApNNgaTdGDITg=
golang.org/x/sys v0.21.0 h1:rF+pYz3DAGSQAxAu1CbC7catZg4ebC4UIeIhKxBZvws=
golang.org/x/sys v0.21.0/go.mod h1:/VUhepiaJMQUp4+oa/7Zr1D23ma6VTLIYjOOTFZPUcA=
